// !$*UTF8*$!
{
	archiveVersion = 1;
	classes = {
	};
	objectVersion = 77;
	objects = {

/* Begin PBXBuildFile section */
		08222BC9D5F445DDB6905D49 /* PreventionGuideView.swift in Sources */ = {isa = PBXBuildFile; fileRef = 4B716EDA852F4016B6C23F97 /* PreventionGuideView.swift */; };
		74BF6D633142446FB78248FE /* InfoPrevSheet.swift in Sources */ = {isa = PBXBuildFile; fileRef = 3606944198664E1EA06BFB1A /* InfoPrevSheet.swift */; };
		77F4DA1BE8A248D9BEFD5804 /* boy-fever.json in Resources */ = {isa = PBXBuildFile; fileRef = B5ED57303B994FB7B3C2161F /* boy-fever.json */; };
		B353D5B72F91769800D28F3B /* mosquito-risk.json in Resources */ = {isa = PBXBuildFile; fileRef = B353D5B62F91769800D28F3B /* mosquito-risk.json */; };
		B35997332E85FD2E009BACE3 /* sunny 3sec.mp4 in Resources */ = {isa = PBXBuildFile; fileRef = B359970E2E85FD2E009BACE3 /* sunny 3sec.mp4 */; };
		B35997342E85FD2E009BACE3 /* Cloudy night 3sec.mp4 in Resources */ = {isa = PBXBuildFile; fileRef = B35997092E85FD2E009BACE3 /* Cloudy night 3sec.mp4 */; };
		B35997352E85FD2E009BACE3 /* cloudy 3sec.mp4 in Resources */ = {isa = PBXBuildFile; fileRef = B35997082E85FD2E009BACE3 /* cloudy 3sec.mp4 */; };
		B35997362E85FD2E009BACE3 /* mosquito.xcassets in Resources */ = {isa = PBXBuildFile; fileRef = B359972E2E85FD2E009BACE3 /* mosquito.xcassets */; };
		B35997372E85FD2E009BACE3 /* Clear night 3sec.mp4 in Resources */ = {isa = PBXBuildFile; fileRef = B35997072E85FD2E009BACE3 /* Clear night 3sec.mp4 */; };
		B35997382E85FD2E009BACE3 /* Storm Night 3sec.mp4 in Resources */ = {isa = PBXBuildFile; fileRef = B359970D2E85FD2E009BACE3 /* Storm Night 3sec.mp4 */; };
		B359973B2E85FD2E009BACE3 /* Partially clear 3sec.mp4 in Resources */ = {isa = PBXBuildFile; fileRef = B359970B2E85FD2E009BACE3 /* Partially clear 3sec.mp4 */; };
		B359973C2E85FD2E009BACE3 /* storm 3sec.mp4 in Resources */ = {isa = PBXBuildFile; fileRef = B359970C2E85FD2E009BACE3 /* storm 3sec.mp4 */; };
		B359973D2E85FD2E009BACE3 /* WeatherViewModel.swift in Sources */ = {isa = PBXBuildFile; fileRef = B359971D2E85FD2E009BACE3 /* WeatherViewModel.swift */; };
		B359973E2E85FD2E009BACE3 /* StaticHeatMapView.swift in Sources */ = {isa = PBXBuildFile; fileRef = B35997292E85FD2E009BACE3 /* StaticHeatMapView.swift */; };
		B359973F2E85FD2E009BACE3 /* HomeView.swift in Sources */ = {isa = PBXBuildFile; fileRef = B35997212E85FD2E009BACE3 /* HomeView.swift */; };
		B35997402E85FD2E009BACE3 /* RiskInfoSheetView.swift in Sources */ = {isa = PBXBuildFile; fileRef = B35997272E85FD2E009BACE3 /* RiskInfoSheetView.swift */; };
		B35997412E85FD2E009BACE3 /* RiskZone.swift in Sources */ = {isa = PBXBuildFile; fileRef = B35997102E85FD2E009BACE3 /* RiskZone.swift */; };
		B35997422E85FD2E009BACE3 /* WeatherData.swift in Sources */ = {isa = PBXBuildFile; fileRef = B35997112E85FD2E009BACE3 /* WeatherData.swift */; };
		B35997432E85FD2E009BACE3 /* SettingsView.swift in Sources */ = {isa = PBXBuildFile; fileRef = B35997282E85FD2E009BACE3 /* SettingsView.swift */; };
		B35997442E85FD2E009BACE3 /* ColorTheme.swift in Sources */ = {isa = PBXBuildFile; fileRef = B35997162E85FD2E009BACE3 /* ColorTheme.swift */; };
		B35997452E85FD2E009BACE3 /* MosquitoAnimation.swift in Sources */ = {isa = PBXBuildFile; fileRef = B35997262E85FD2E009BACE3 /* MosquitoAnimation.swift */; };
		B35997472E85FD2E009BACE3 /* IntroSheetView.swift in Sources */ = {isa = PBXBuildFile; fileRef = B35997222E85FD2E009BACE3 /* IntroSheetView.swift */; };
		B35997482E85FD2E009BACE3 /* MosquitOFF.swift in Sources */ = {isa = PBXBuildFile; fileRef = B35997302E85FD2E009BACE3 /* MosquitOFF.swift */; };
		B35997492E85FD2E009BACE3 /* HeatMapView.swift in Sources */ = {isa = PBXBuildFile; fileRef = B35997202E85FD2E009BACE3 /* HeatMapView.swift */; };
		B359974A2E85FD2E009BACE3 /* HeatMapInfoSheet.swift in Sources */ = {isa = PBXBuildFile; fileRef = B359971F2E85FD2E009BACE3 /* HeatMapInfoSheet.swift */; };
		B359974B2E85FD2E009BACE3 /* MiniHeatMapPreview.swift in Sources */ = {isa = PBXBuildFile; fileRef = B35997252E85FD2E009BACE3 /* MiniHeatMapPreview.swift */; };
		B359974C2E85FD2E009BACE3 /* LocationManager.swift in Sources */ = {isa = PBXBuildFile; fileRef = B35997172E85FD2E009BACE3 /* LocationManager.swift */; };
		B359974D2E85FD2E009BACE3 /* LottieViews.swift in Sources */ = {isa = PBXBuildFile; fileRef = B35997242E85FD2E009BACE3 /* LottieViews.swift */; };
		B359974E2E85FD2E009BACE3 /* WeatherService.swift in Sources */ = {isa = PBXBuildFile; fileRef = B35997132E85FD2E009BACE3 /* WeatherService.swift */; };
		B359974F2E85FD2E009BACE3 /* MosquitoRisk.swift in Sources */ = {isa = PBXBuildFile; fileRef = B35997182E85FD2E009BACE3 /* MosquitoRisk.swift */; };
		B35997502E85FD2E009BACE3 /* WeatherVideoBackgroundView.swift in Sources */ = {isa = PBXBuildFile; fileRef = B359972A2E85FD2E009BACE3 /* WeatherVideoBackgroundView.swift */; };
		B35997512E85FD2E009BACE3 /* HeatMapViewModel.swift in Sources */ = {isa = PBXBuildFile; fileRef = B359971C2E85FD2E009BACE3 /* HeatMapViewModel.swift */; };
		B35997522E85FD2E009BACE3 /* NetworkMonitor.swift in Sources */ = {isa = PBXBuildFile; fileRef = B35997192E85FD2E009BACE3 /* NetworkMonitor.swift */; };
		B35997532E85FD2E009BACE3 /* NotificationManager.swift in Sources */ = {isa = PBXBuildFile; fileRef = B359971A2E85FD2E009BACE3 /* NotificationManager.swift */; };
		B35997542E85FD2E009BACE3 /* LaunchScreenView.swift in Sources */ = {isa = PBXBuildFile; fileRef = B35997232E85FD2E009BACE3 /* LaunchScreenView.swift */; };
		B35997582E85FD50009BACE3 /* MosquitoRiskTest.swift in Sources */ = {isa = PBXBuildFile; fileRef = B35997552E85FD50009BACE3 /* MosquitoRiskTest.swift */; };
		B35997592E85FD50009BACE3 /* WeatherViewModelTest.swift in Sources */ = {isa = PBXBuildFile; fileRef = B35997562E85FD50009BACE3 /* WeatherViewModelTest.swift */; };
		B359975B2E85FD7D009BACE3 /* README.md in Resources */ = {isa = PBXBuildFile; fileRef = B359975A2E85FD7D009BACE3 /* README.md */; };
		B35997602E85FE54009BACE3 /* Lottie in Frameworks */ = {isa = PBXBuildFile; productRef = B359975F2E85FE54009BACE3 /* Lottie */; };
		B3B021A42E987F41005CB13B /* AppIcon.icon in Resources */ = {isa = PBXBuildFile; fileRef = B3B021A32E987F41005CB13B /* AppIcon.icon */; };
		B3B7F7D5CD6C4ED3819F606C /* ZoneDetailSheet.swift in Sources */ = {isa = PBXBuildFile; fileRef = 24D541C7DAAA400E8ED04E02 /* ZoneDetailSheet.swift */; };
		BAC174C906DB41A882001D98 /* boy-vomit.json in Resources */ = {isa = PBXBuildFile; fileRef = B5E424CDE7714FA8AED60677 /* boy-vomit.json */; };
		F7D539A76F5948B586A4DAE6 /* boy-spots-face.json in Resources */ = {isa = PBXBuildFile; fileRef = 2D418EF014754E0F925B1336 /* boy-spots-face.json */; };
/* End PBXBuildFile section */

/* Begin PBXContainerItemProxy section */
		B3CF33402E85FA590075CED4 /* PBXContainerItemProxy */ = {
			isa = PBXContainerItemProxy;
			containerPortal = B3CF332A2E85FA590075CED4 /* Project object */;
			proxyType = 1;
			remoteGlobalIDString = B3CF33312E85FA590075CED4;
			remoteInfo = MosquitOFF_NEW;
		};
		B3CF334A2E85FA590075CED4 /* PBXContainerItemProxy */ = {
			isa = PBXContainerItemProxy;
			containerPortal = B3CF332A2E85FA590075CED4 /* Project object */;
			proxyType = 1;
			remoteGlobalIDString = B3CF33312E85FA590075CED4;
			remoteInfo = MosquitOFF_NEW;
		};
/* End PBXContainerItemProxy section */

/* Begin PBXFileReference section */
		24D541C7DAAA400E8ED04E02 /* ZoneDetailSheet.swift */ = {isa = PBXFileReference; lastKnownFileType = sourcecode.swift; path = ZoneDetailSheet.swift; sourceTree = "<group>"; };
		2D418EF014754E0F925B1336 /* boy-spots-face.json */ = {isa = PBXFileReference; lastKnownFileType = text.json; path = "boy-spots-face.json"; sourceTree = "<group>"; };
		3606944198664E1EA06BFB1A /* InfoPrevSheet.swift */ = {isa = PBXFileReference; lastKnownFileType = sourcecode.swift; path = InfoPrevSheet.swift; sourceTree = "<group>"; };
		4B716EDA852F4016B6C23F97 /* PreventionGuideView.swift */ = {isa = PBXFileReference; lastKnownFileType = sourcecode.swift; path = PreventionGuideView.swift; sourceTree = "<group>"; };
		B353D5B62F91769800D28F3B /* mosquito-risk.json */ = {isa = PBXFileReference; lastKnownFileType = text.json; path = "mosquito-risk.json"; sourceTree = "<group>"; };
		B35997072E85FD2E009BACE3 /* Clear night 3sec.mp4 */ = {isa = PBXFileReference; lastKnownFileType = file; path = "Clear night 3sec.mp4"; sourceTree = "<group>"; };
		B35997082E85FD2E009BACE3 /* cloudy 3sec.mp4 */ = {isa = PBXFileReference; lastKnownFileType = file; path = "cloudy 3sec.mp4"; sourceTree = "<group>"; };
		B35997092E85FD2E009BACE3 /* Cloudy night 3sec.mp4 */ = {isa = PBXFileReference; lastKnownFileType = file; path = "Cloudy night 3sec.mp4"; sourceTree = "<group>"; };
		B359970B2E85FD2E009BACE3 /* Partially clear 3sec.mp4 */ = {isa = PBXFileReference; lastKnownFileType = file; path = "Partially clear 3sec.mp4"; sourceTree = "<group>"; };
		B359970C2E85FD2E009BACE3 /* storm 3sec.mp4 */ = {isa = PBXFileReference; lastKnownFileType = file; path = "storm 3sec.mp4"; sourceTree = "<group>"; };
		B359970D2E85FD2E009BACE3 /* Storm Night 3sec.mp4 */ = {isa = PBXFileReference; lastKnownFileType = file; path = "Storm Night 3sec.mp4"; sourceTree = "<group>"; };
		B359970E2E85FD2E009BACE3 /* sunny 3sec.mp4 */ = {isa = PBXFileReference; lastKnownFileType = file; path = "sunny 3sec.mp4"; sourceTree = "<group>"; };
		B35997102E85FD2E009BACE3 /* RiskZone.swift */ = {isa = PBXFileReference; lastKnownFileType = sourcecode.swift; path = RiskZone.swift; sourceTree = "<group>"; };
		B35997112E85FD2E009BACE3 /* WeatherData.swift */ = {isa = PBXFileReference; lastKnownFileType = sourcecode.swift; path = WeatherData.swift; sourceTree = "<group>"; };
		B35997132E85FD2E009BACE3 /* WeatherService.swift */ = {isa = PBXFileReference; lastKnownFileType = sourcecode.swift; path = WeatherService.swift; sourceTree = "<group>"; };
		B35997162E85FD2E009BACE3 /* ColorTheme.swift */ = {isa = PBXFileReference; lastKnownFileType = sourcecode.swift; path = ColorTheme.swift; sourceTree = "<group>"; };
		B35997172E85FD2E009BACE3 /* LocationManager.swift */ = {isa = PBXFileReference; lastKnownFileType = sourcecode.swift; path = LocationManager.swift; sourceTree = "<group>"; };
		B35997182E85FD2E009BACE3 /* MosquitoRisk.swift */ = {isa = PBXFileReference; lastKnownFileType = sourcecode.swift; path = MosquitoRisk.swift; sourceTree = "<group>"; };
		B35997192E85FD2E009BACE3 /* NetworkMonitor.swift */ = {isa = PBXFileReference; lastKnownFileType = sourcecode.swift; path = NetworkMonitor.swift; sourceTree = "<group>"; };
		B359971A2E85FD2E009BACE3 /* NotificationManager.swift */ = {isa = PBXFileReference; lastKnownFileType = sourcecode.swift; path = NotificationManager.swift; sourceTree = "<group>"; };
		B359971C2E85FD2E009BACE3 /* HeatMapViewModel.swift */ = {isa = PBXFileReference; lastKnownFileType = sourcecode.swift; path = HeatMapViewModel.swift; sourceTree = "<group>"; };
		B359971D2E85FD2E009BACE3 /* WeatherViewModel.swift */ = {isa = PBXFileReference; lastKnownFileType = sourcecode.swift; path = WeatherViewModel.swift; sourceTree = "<group>"; };
		B359971F2E85FD2E009BACE3 /* HeatMapInfoSheet.swift */ = {isa = PBXFileReference; lastKnownFileType = sourcecode.swift; path = HeatMapInfoSheet.swift; sourceTree = "<group>"; };
		B35997202E85FD2E009BACE3 /* HeatMapView.swift */ = {isa = PBXFileReference; lastKnownFileType = sourcecode.swift; path = HeatMapView.swift; sourceTree = "<group>"; };
		B35997212E85FD2E009BACE3 /* HomeView.swift */ = {isa = PBXFileReference; lastKnownFileType = sourcecode.swift; path = HomeView.swift; sourceTree = "<group>"; };
		B35997222E85FD2E009BACE3 /* IntroSheetView.swift */ = {isa = PBXFileReference; lastKnownFileType = sourcecode.swift; path = IntroSheetView.swift; sourceTree = "<group>"; };
		B35997232E85FD2E009BACE3 /* LaunchScreenView.swift */ = {isa = PBXFileReference; lastKnownFileType = sourcecode.swift; path = LaunchScreenView.swift; sourceTree = "<group>"; };
		B35997242E85FD2E009BACE3 /* LottieViews.swift */ = {isa = PBXFileReference; lastKnownFileType = sourcecode.swift; path = LottieViews.swift; sourceTree = "<group>"; };
		B35997252E85FD2E009BACE3 /* MiniHeatMapPreview.swift */ = {isa = PBXFileReference; lastKnownFileType = sourcecode.swift; path = MiniHeatMapPreview.swift; sourceTree = "<group>"; };
		B35997262E85FD2E009BACE3 /* MosquitoAnimation.swift */ = {isa = PBXFileReference; lastKnownFileType = sourcecode.swift; path = MosquitoAnimation.swift; sourceTree = "<group>"; };
		B35997272E85FD2E009BACE3 /* RiskInfoSheetView.swift */ = {isa = PBXFileReference; lastKnownFileType = sourcecode.swift; path = RiskInfoSheetView.swift; sourceTree = "<group>"; };
		B35997282E85FD2E009BACE3 /* SettingsView.swift */ = {isa = PBXFileReference; lastKnownFileType = sourcecode.swift; path = SettingsView.swift; sourceTree = "<group>"; };
		B35997292E85FD2E009BACE3 /* StaticHeatMapView.swift */ = {isa = PBXFileReference; lastKnownFileType = sourcecode.swift; path = StaticHeatMapView.swift; sourceTree = "<group>"; };
		B359972A2E85FD2E009BACE3 /* WeatherVideoBackgroundView.swift */ = {isa = PBXFileReference; lastKnownFileType = sourcecode.swift; path = WeatherVideoBackgroundView.swift; sourceTree = "<group>"; };
		B359972D2E85FD2E009BACE3 /* Info.plist */ = {isa = PBXFileReference; lastKnownFileType = text.plist.xml; path = Info.plist; sourceTree = "<group>"; };
		B359972E2E85FD2E009BACE3 /* mosquito.xcassets */ = {isa = PBXFileReference; lastKnownFileType = folder.assetcatalog; path = mosquito.xcassets; sourceTree = "<group>"; };
		B359972F2E85FD2E009BACE3 /* MosquitOFF.entitlements */ = {isa = PBXFileReference; lastKnownFileType = text.plist.entitlements; path = MosquitOFF.entitlements; sourceTree = "<group>"; };
		B35997302E85FD2E009BACE3 /* MosquitOFF.swift */ = {isa = PBXFileReference; lastKnownFileType = sourcecode.swift; path = MosquitOFF.swift; sourceTree = "<group>"; };
		B35997552E85FD50009BACE3 /* MosquitoRiskTest.swift */ = {isa = PBXFileReference; lastKnownFileType = sourcecode.swift; path = MosquitoRiskTest.swift; sourceTree = "<group>"; };
		B35997562E85FD50009BACE3 /* WeatherViewModelTest.swift */ = {isa = PBXFileReference; lastKnownFileType = sourcecode.swift; path = WeatherViewModelTest.swift; sourceTree = "<group>"; };
		B359975A2E85FD7D009BACE3 /* README.md */ = {isa = PBXFileReference; lastKnownFileType = net.daringfireball.markdown; path = README.md; sourceTree = "<group>"; };
		B3B021A32E987F41005CB13B /* AppIcon.icon */ = {isa = PBXFileReference; lastKnownFileType = folder.iconcomposer.icon; path = AppIcon.icon; sourceTree = "<group>"; };
		B3CF33322E85FA590075CED4 /* MosquitOFF.app */ = {isa = PBXFileReference; explicitFileType = wrapper.application; includeInIndex = 0; path = MosquitOFF.app; sourceTree = BUILT_PRODUCTS_DIR; };
		B3CF333F2E85FA590075CED4 /* MosquitOFFTests.xctest */ = {isa = PBXFileReference; explicitFileType = wrapper.cfbundle; includeInIndex = 0; path = MosquitOFFTests.xctest; sourceTree = BUILT_PRODUCTS_DIR; };
		B3CF33492E85FA590075CED4 /* MosquitOFFUITests.xctest */ = {isa = PBXFileReference; explicitFileType = wrapper.cfbundle; includeInIndex = 0; path = MosquitOFFUITests.xctest; sourceTree = BUILT_PRODUCTS_DIR; };
		B5E424CDE7714FA8AED60677 /* boy-vomit.json */ = {isa = PBXFileReference; lastKnownFileType = text.json; path = "boy-vomit.json"; sourceTree = "<group>"; };
		B5ED57303B994FB7B3C2161F /* boy-fever.json */ = {isa = PBXFileReference; lastKnownFileType = text.json; path = "boy-fever.json"; sourceTree = "<group>"; };
/* End PBXFileReference section */

/* Begin PBXFrameworksBuildPhase section */
		B3CF332F2E85FA590075CED4 /* Frameworks */ = {
			isa = PBXFrameworksBuildPhase;
			buildActionMask = 2147483647;
			files = (
				B35997602E85FE54009BACE3 /* Lottie in Frameworks */,
			);
			runOnlyForDeploymentPostprocessing = 0;
		};
		B3CF333C2E85FA590075CED4 /* Frameworks */ = {
			isa = PBXFrameworksBuildPhase;
			buildActionMask = 2147483647;
			files = (
			);
			runOnlyForDeploymentPostprocessing = 0;
		};
		B3CF33462E85FA590075CED4 /* Frameworks */ = {
			isa = PBXFrameworksBuildPhase;
			buildActionMask = 2147483647;
			files = (
			);
			runOnlyForDeploymentPostprocessing = 0;
		};
/* End PBXFrameworksBuildPhase section */

/* Begin PBXGroup section */
		B359970F2E85FD2E009BACE3 /* Animations */ = {
			isa = PBXGroup;
			children = (
				B353D5B62F91769800D28F3B /* mosquito-risk.json */,
				B35997072E85FD2E009BACE3 /* Clear night 3sec.mp4 */,
				B35997082E85FD2E009BACE3 /* cloudy 3sec.mp4 */,
				B35997092E85FD2E009BACE3 /* Cloudy night 3sec.mp4 */,
				2D418EF014754E0F925B1336 /* boy-spots-face.json */,
				B5ED57303B994FB7B3C2161F /* boy-fever.json */,
				B5E424CDE7714FA8AED60677 /* boy-vomit.json */,
				B359970B2E85FD2E009BACE3 /* Partially clear 3sec.mp4 */,
				B359970C2E85FD2E009BACE3 /* storm 3sec.mp4 */,
				B359970D2E85FD2E009BACE3 /* Storm Night 3sec.mp4 */,
				B359970E2E85FD2E009BACE3 /* sunny 3sec.mp4 */,
			);
			path = Animations;
			sourceTree = "<group>";
		};
		B35997122E85FD2E009BACE3 /* Models */ = {
			isa = PBXGroup;
			children = (
				B35997102E85FD2E009BACE3 /* RiskZone.swift */,
				B35997112E85FD2E009BACE3 /* WeatherData.swift */,
			);
			path = Models;
			sourceTree = "<group>";
		};
		B35997142E85FD2E009BACE3 /* Services */ = {
			isa = PBXGroup;
			children = (
				B35997132E85FD2E009BACE3 /* WeatherService.swift */,
			);
			path = Services;
			sourceTree = "<group>";
		};
		B359971B2E85FD2E009BACE3 /* Utils */ = {
			isa = PBXGroup;
			children = (
				B35997162E85FD2E009BACE3 /* ColorTheme.swift */,
				B35997172E85FD2E009BACE3 /* LocationManager.swift */,
				B35997182E85FD2E009BACE3 /* MosquitoRisk.swift */,
				B35997192E85FD2E009BACE3 /* NetworkMonitor.swift */,
				B359971A2E85FD2E009BACE3 /* NotificationManager.swift */,
			);
			path = Utils;
			sourceTree = "<group>";
		};
		B359971E2E85FD2E009BACE3 /* ViewModels */ = {
			isa = PBXGroup;
			children = (
				B359971C2E85FD2E009BACE3 /* HeatMapViewModel.swift */,
				B359971D2E85FD2E009BACE3 /* WeatherViewModel.swift */,
			);
			path = ViewModels;
			sourceTree = "<group>";
		};
		B359972B2E85FD2E009BACE3 /* Views */ = {
			isa = PBXGroup;
			children = (
				B359971F2E85FD2E009BACE3 /* HeatMapInfoSheet.swift */,
				B35997202E85FD2E009BACE3 /* HeatMapView.swift */,
				B35997212E85FD2E009BACE3 /* HomeView.swift */,
				B35997222E85FD2E009BACE3 /* IntroSheetView.swift */,
				B35997232E85FD2E009BACE3 /* LaunchScreenView.swift */,
				B35997242E85FD2E009BACE3 /* LottieViews.swift */,
				B35997252E85FD2E009BACE3 /* MiniHeatMapPreview.swift */,
				B35997262E85FD2E009BACE3 /* MosquitoAnimation.swift */,
				24D541C7DAAA400E8ED04E02 /* ZoneDetailSheet.swift */,
				3606944198664E1EA06BFB1A /* InfoPrevSheet.swift */,
				4B716EDA852F4016B6C23F97 /* PreventionGuideView.swift */,
				B35997272E85FD2E009BACE3 /* RiskInfoSheetView.swift */,
				B35997282E85FD2E009BACE3 /* SettingsView.swift */,
				B35997292E85FD2E009BACE3 /* StaticHeatMapView.swift */,
				B359972A2E85FD2E009BACE3 /* WeatherVideoBackgroundView.swift */,
			);
			path = Views;
			sourceTree = "<group>";
		};
		B35997312E85FD2E009BACE3 /* MosquitOFF */ = {
			isa = PBXGroup;
			children = (
				B359970F2E85FD2E009BACE3 /* Animations */,
				B35997122E85FD2E009BACE3 /* Models */,
				B35997142E85FD2E009BACE3 /* Services */,
				B359971B2E85FD2E009BACE3 /* Utils */,
				B359971E2E85FD2E009BACE3 /* ViewModels */,
				B359972B2E85FD2E009BACE3 /* Views */,
				B359972D2E85FD2E009BACE3 /* Info.plist */,
				B3B021A32E987F41005CB13B /* AppIcon.icon */,
				B359972E2E85FD2E009BACE3 /* mosquito.xcassets */,
				B359972F2E85FD2E009BACE3 /* MosquitOFF.entitlements */,
				B35997302E85FD2E009BACE3 /* MosquitOFF.swift */,
			);
			path = MosquitOFF;
			sourceTree = "<group>";
		};
		B35997572E85FD50009BACE3 /* MosquitOFFTests */ = {
			isa = PBXGroup;
			children = (
				B35997552E85FD50009BACE3 /* MosquitoRiskTest.swift */,
				B35997562E85FD50009BACE3 /* WeatherViewModelTest.swift */,
			);
			path = MosquitOFFTests;
			sourceTree = "<group>";
		};
		B3CF33292E85FA590075CED4 = {
			isa = PBXGroup;
			children = (
				B359975A2E85FD7D009BACE3 /* README.md */,
				B35997572E85FD50009BACE3 /* MosquitOFFTests */,
				B35997312E85FD2E009BACE3 /* MosquitOFF */,
				B3CF33332E85FA590075CED4 /* Products */,
			);
			sourceTree = "<group>";
		};
		B3CF33332E85FA590075CED4 /* Products */ = {
			isa = PBXGroup;
			children = (
				B3CF33322E85FA590075CED4 /* MosquitOFF.app */,
				B3CF333F2E85FA590075CED4 /* MosquitOFFTests.xctest */,
				B3CF33492E85FA590075CED4 /* MosquitOFFUITests.xctest */,
			);
			name = Products;
			sourceTree = "<group>";
		};
/* End PBXGroup section */

/* Begin PBXNativeTarget section */
		B3CF33312E85FA590075CED4 /* MosquitOFF */ = {
			isa = PBXNativeTarget;
			buildConfigurationList = B3CF33532E85FA590075CED4 /* Build configuration list for PBXNativeTarget "MosquitOFF" */;
			buildPhases = (
				B3CF332E2E85FA590075CED4 /* Sources */,
				B3CF332F2E85FA590075CED4 /* Frameworks */,
				B3CF33302E85FA590075CED4 /* Resources */,
			);
			buildRules = (
			);
			dependencies = (
			);
			name = MosquitOFF;
			packageProductDependencies = (
				B359975F2E85FE54009BACE3 /* Lottie */,
			);
			productName = MosquitOFF_NEW;
			productReference = B3CF33322E85FA590075CED4 /* MosquitOFF.app */;
			productType = "com.apple.product-type.application";
		};
		B3CF333E2E85FA590075CED4 /* MosquitOFFTests */ = {
			isa = PBXNativeTarget;
			buildConfigurationList = B3CF33562E85FA590075CED4 /* Build configuration list for PBXNativeTarget "MosquitOFFTests" */;
			buildPhases = (
				B3CF333B2E85FA590075CED4 /* Sources */,
				B3CF333C2E85FA590075CED4 /* Frameworks */,
				B3CF333D2E85FA590075CED4 /* Resources */,
			);
			buildRules = (
			);
			dependencies = (
				B3CF33412E85FA590075CED4 /* PBXTargetDependency */,
			);
			name = MosquitOFFTests;
			packageProductDependencies = (
			);
			productName = MosquitOFF_NEWTests;
			productReference = B3CF333F2E85FA590075CED4 /* MosquitOFFTests.xctest */;
			productType = "com.apple.product-type.bundle.unit-test";
		};
		B3CF33482E85FA590075CED4 /* MosquitOFFUITests */ = {
			isa = PBXNativeTarget;
			buildConfigurationList = B3CF33592E85FA590075CED4 /* Build configuration list for PBXNativeTarget "MosquitOFFUITests" */;
			buildPhases = (
				B3CF33452E85FA590075CED4 /* Sources */,
				B3CF33462E85FA590075CED4 /* Frameworks */,
				B3CF33472E85FA590075CED4 /* Resources */,
			);
			buildRules = (
			);
			dependencies = (
				B3CF334B2E85FA590075CED4 /* PBXTargetDependency */,
			);
			name = MosquitOFFUITests;
			packageProductDependencies = (
			);
			productName = MosquitOFF_NEWUITests;
			productReference = B3CF33492E85FA590075CED4 /* MosquitOFFUITests.xctest */;
			productType = "com.apple.product-type.bundle.ui-testing";
		};
/* End PBXNativeTarget section */

/* Begin PBXProject section */
		B3CF332A2E85FA590075CED4 /* Project object */ = {
			isa = PBXProject;
			attributes = {
				BuildIndependentTargetsInParallel = 1;
				LastSwiftUpdateCheck = 2600;
				LastUpgradeCheck = 2600;
				TargetAttributes = {
					B3CF33312E85FA590075CED4 = {
						CreatedOnToolsVersion = 26.0;
					};
					B3CF333E2E85FA590075CED4 = {
						CreatedOnToolsVersion = 26.0;
						TestTargetID = B3CF33312E85FA590075CED4;
					};
					B3CF33482E85FA590075CED4 = {
						CreatedOnToolsVersion = 26.0;
						TestTargetID = B3CF33312E85FA590075CED4;
					};
				};
			};
			buildConfigurationList = B3CF332D2E85FA590075CED4 /* Build configuration list for PBXProject "MosquitOFF" */;
			developmentRegion = en;
			hasScannedForEncodings = 0;
			knownRegions = (
				en,
				Base,
			);
			mainGroup = B3CF33292E85FA590075CED4;
			minimizedProjectReferenceProxies = 1;
			packageReferences = (
				B359975E2E85FE54009BACE3 /* XCRemoteSwiftPackageReference "lottie-spm" */,
			);
			preferredProjectObjectVersion = 77;
			productRefGroup = B3CF33332E85FA590075CED4 /* Products */;
			projectDirPath = "";
			projectRoot = "";
			targets = (
				B3CF33312E85FA590075CED4 /* MosquitOFF */,
				B3CF333E2E85FA590075CED4 /* MosquitOFFTests */,
				B3CF33482E85FA590075CED4 /* MosquitOFFUITests */,
			);
		};
/* End PBXProject section */

/* Begin PBXResourcesBuildPhase section */
		B3CF33302E85FA590075CED4 /* Resources */ = {
			isa = PBXResourcesBuildPhase;
			buildActionMask = 2147483647;
			files = (
				B35997332E85FD2E009BACE3 /* sunny 3sec.mp4 in Resources */,
				B35997342E85FD2E009BACE3 /* Cloudy night 3sec.mp4 in Resources */,
				B35997352E85FD2E009BACE3 /* cloudy 3sec.mp4 in Resources */,
				B35997362E85FD2E009BACE3 /* mosquito.xcassets in Resources */,
				B35997372E85FD2E009BACE3 /* Clear night 3sec.mp4 in Resources */,
				B3B021A42E987F41005CB13B /* AppIcon.icon in Resources */,
				B359975B2E85FD7D009BACE3 /* README.md in Resources */,
				B353D5B72F91769800D28F3B /* mosquito-risk.json in Resources */,
				B35997382E85FD2E009BACE3 /* Storm Night 3sec.mp4 in Resources */,
				F7D539A76F5948B586A4DAE6 /* boy-spots-face.json in Resources */,
				BAC174C906DB41A882001D98 /* boy-vomit.json in Resources */,
				77F4DA1BE8A248D9BEFD5804 /* boy-fever.json in Resources */,
				B359973B2E85FD2E009BACE3 /* Partially clear 3sec.mp4 in Resources */,
				B359973C2E85FD2E009BACE3 /* storm 3sec.mp4 in Resources */,
			);
			runOnlyForDeploymentPostprocessing = 0;
		};
		B3CF333D2E85FA590075CED4 /* Resources */ = {
			isa = PBXResourcesBuildPhase;
			buildActionMask = 2147483647;
			files = (
			);
			runOnlyForDeploymentPostprocessing = 0;
		};
		B3CF33472E85FA590075CED4 /* Resources */ = {
			isa = PBXResourcesBuildPhase;
			buildActionMask = 2147483647;
			files = (
			);
			runOnlyForDeploymentPostprocessing = 0;
		};
/* End PBXResourcesBuildPhase section */

/* Begin PBXSourcesBuildPhase section */
		B3CF332E2E85FA590075CED4 /* Sources */ = {
			isa = PBXSourcesBuildPhase;
			buildActionMask = 2147483647;
			files = (
				B359973D2E85FD2E009BACE3 /* WeatherViewModel.swift in Sources */,
				B359973E2E85FD2E009BACE3 /* StaticHeatMapView.swift in Sources */,
				B359973F2E85FD2E009BACE3 /* HomeView.swift in Sources */,
				B3B7F7D5CD6C4ED3819F606C /* ZoneDetailSheet.swift in Sources */,
				74BF6D633142446FB78248FE /* InfoPrevSheet.swift in Sources */,
				08222BC9D5F445DDB6905D49 /* PreventionGuideView.swift in Sources */,
				B35997402E85FD2E009BACE3 /* RiskInfoSheetView.swift in Sources */,
				B35997412E85FD2E009BACE3 /* RiskZone.swift in Sources */,
				B35997422E85FD2E009BACE3 /* WeatherData.swift in Sources */,
				B35997432E85FD2E009BACE3 /* SettingsView.swift in Sources */,
				B35997442E85FD2E009BACE3 /* ColorTheme.swift in Sources */,
				B35997452E85FD2E009BACE3 /* MosquitoAnimation.swift in Sources */,
				B35997472E85FD2E009BACE3 /* IntroSheetView.swift in Sources */,
				B35997482E85FD2E009BACE3 /* MosquitOFF.swift in Sources */,
				B35997492E85FD2E009BACE3 /* HeatMapView.swift in Sources */,
				B359974A2E85FD2E009BACE3 /* HeatMapInfoSheet.swift in Sources */,
				B359974B2E85FD2E009BACE3 /* MiniHeatMapPreview.swift in Sources */,
				B359974C2E85FD2E009BACE3 /* LocationManager.swift in Sources */,
				B359974D2E85FD2E009BACE3 /* LottieViews.swift in Sources */,
				B359974E2E85FD2E009BACE3 /* WeatherService.swift in Sources */,
				B359974F2E85FD2E009BACE3 /* MosquitoRisk.swift in Sources */,
				B35997502E85FD2E009BACE3 /* WeatherVideoBackgroundView.swift in Sources */,
				B35997512E85FD2E009BACE3 /* HeatMapViewModel.swift in Sources */,
				B35997522E85FD2E009BACE3 /* NetworkMonitor.swift in Sources */,
				B35997532E85FD2E009BACE3 /* NotificationManager.swift in Sources */,
				B35997542E85FD2E009BACE3 /* LaunchScreenView.swift in Sources */,
			);
			runOnlyForDeploymentPostprocessing = 0;
		};
		B3CF333B2E85FA590075CED4 /* Sources */ = {
			isa = PBXSourcesBuildPhase;
			buildActionMask = 2147483647;
			files = (
				B35997582E85FD50009BACE3 /* MosquitoRiskTest.swift in Sources */,
				B35997592E85FD50009BACE3 /* WeatherViewModelTest.swift in Sources */,
			);
			runOnlyForDeploymentPostprocessing = 0;
		};
		B3CF33452E85FA590075CED4 /* Sources */ = {
			isa = PBXSourcesBuildPhase;
			buildActionMask = 2147483647;
			files = (
			);
			runOnlyForDeploymentPostprocessing = 0;
		};
/* End PBXSourcesBuildPhase section */

/* Begin PBXTargetDependency section */
		B3CF33412E85FA590075CED4 /* PBXTargetDependency */ = {
			isa = PBXTargetDependency;
			target = B3CF33312E85FA590075CED4 /* MosquitOFF */;
			targetProxy = B3CF33402E85FA590075CED4 /* PBXContainerItemProxy */;
		};
		B3CF334B2E85FA590075CED4 /* PBXTargetDependency */ = {
			isa = PBXTargetDependency;
			target = B3CF33312E85FA590075CED4 /* MosquitOFF */;
			targetProxy = B3CF334A2E85FA590075CED4 /* PBXContainerItemProxy */;
		};
/* End PBXTargetDependency section */

/* Begin XCBuildConfiguration section */
		B3CF33512E85FA590075CED4 /* Debug */ = {
			isa = XCBuildConfiguration;
			buildSettings = {
				ALWAYS_SEARCH_USER_PATHS = NO;
				ASSETCATALOG_COMPILER_GENERATE_SWIFT_ASSET_SYMBOL_EXTENSIONS = YES;
				CLANG_ANALYZER_NONNULL = YES;
				CLANG_ANALYZER_NUMBER_OBJECT_CONVERSION = YES_AGGRESSIVE;
				CLANG_CXX_LANGUAGE_STANDARD = "gnu++20";
				CLANG_ENABLE_MODULES = YES;
				CLANG_ENABLE_OBJC_ARC = YES;
				CLANG_ENABLE_OBJC_WEAK = YES;
				CLANG_WARN_BLOCK_CAPTURE_AUTORELEASING = YES;
				CLANG_WARN_BOOL_CONVERSION = YES;
				CLANG_WARN_COMMA = YES;
				CLANG_WARN_CONSTANT_CONVERSION = YES;
				CLANG_WARN_DEPRECATED_OBJC_IMPLEMENTATIONS = YES;
				CLANG_WARN_DIRECT_OBJC_ISA_USAGE = YES_ERROR;
				CLANG_WARN_DOCUMENTATION_COMMENTS = YES;
				CLANG_WARN_EMPTY_BODY = YES;
				CLANG_WARN_ENUM_CONVERSION = YES;
				CLANG_WARN_INFINITE_RECURSION = YES;
				CLANG_WARN_INT_CONVERSION = YES;
				CLANG_WARN_NON_LITERAL_NULL_CONVERSION = YES;
				CLANG_WARN_OBJC_IMPLICIT_RETAIN_SELF = YES;
				CLANG_WARN_OBJC_LITERAL_CONVERSION = YES;
				CLANG_WARN_OBJC_ROOT_CLASS = YES_ERROR;
				CLANG_WARN_QUOTED_INCLUDE_IN_FRAMEWORK_HEADER = YES;
				CLANG_WARN_RANGE_LOOP_ANALYSIS = YES;
				CLANG_WARN_STRICT_PROTOTYPES = YES;
				CLANG_WARN_SUSPICIOUS_MOVE = YES;
				CLANG_WARN_UNGUARDED_AVAILABILITY = YES_AGGRESSIVE;
				CLANG_WARN_UNREACHABLE_CODE = YES;
				CLANG_WARN__DUPLICATE_METHOD_MATCH = YES;
				COPY_PHASE_STRIP = NO;
				DEBUG_INFORMATION_FORMAT = dwarf;
				DEVELOPMENT_TEAM = R47LKKYLZ9;
				ENABLE_STRICT_OBJC_MSGSEND = YES;
				ENABLE_TESTABILITY = YES;
				ENABLE_USER_SCRIPT_SANDBOXING = YES;
				GCC_C_LANGUAGE_STANDARD = gnu17;
				GCC_DYNAMIC_NO_PIC = NO;
				GCC_NO_COMMON_BLOCKS = YES;
				GCC_OPTIMIZATION_LEVEL = 0;
				GCC_PREPROCESSOR_DEFINITIONS = (
					"DEBUG=1",
					"$(inherited)",
				);
				GCC_WARN_64_TO_32_BIT_CONVERSION = YES;
				GCC_WARN_ABOUT_RETURN_TYPE = YES_ERROR;
				GCC_WARN_UNDECLARED_SELECTOR = YES;
				GCC_WARN_UNINITIALIZED_AUTOS = YES_AGGRESSIVE;
				GCC_WARN_UNUSED_FUNCTION = YES;
				GCC_WARN_UNUSED_VARIABLE = YES;
				IPHONEOS_DEPLOYMENT_TARGET = 26.0;
				LOCALIZATION_PREFERS_STRING_CATALOGS = YES;
				MTL_ENABLE_DEBUG_INFO = INCLUDE_SOURCE;
				MTL_FAST_MATH = YES;
				ONLY_ACTIVE_ARCH = YES;
				SDKROOT = iphoneos;
				SWIFT_ACTIVE_COMPILATION_CONDITIONS = "DEBUG $(inherited)";
				SWIFT_OPTIMIZATION_LEVEL = "-Onone";
			};
			name = Debug;
		};
		B3CF33522E85FA590075CED4 /* Release */ = {
			isa = XCBuildConfiguration;
			buildSettings = {
				ALWAYS_SEARCH_USER_PATHS = NO;
				ASSETCATALOG_COMPILER_GENERATE_SWIFT_ASSET_SYMBOL_EXTENSIONS = YES;
				CLANG_ANALYZER_NONNULL = YES;
				CLANG_ANALYZER_NUMBER_OBJECT_CONVERSION = YES_AGGRESSIVE;
				CLANG_CXX_LANGUAGE_STANDARD = "gnu++20";
				CLANG_ENABLE_MODULES = YES;
				CLANG_ENABLE_OBJC_ARC = YES;
				CLANG_ENABLE_OBJC_WEAK = YES;
				CLANG_WARN_BLOCK_CAPTURE_AUTORELEASING = YES;
				CLANG_WARN_BOOL_CONVERSION = YES;
				CLANG_WARN_COMMA = YES;
				CLANG_WARN_CONSTANT_CONVERSION = YES;
				CLANG_WARN_DEPRECATED_OBJC_IMPLEMENTATIONS = YES;
				CLANG_WARN_DIRECT_OBJC_ISA_USAGE = YES_ERROR;
				CLANG_WARN_DOCUMENTATION_COMMENTS = YES;
				CLANG_WARN_EMPTY_BODY = YES;
				CLANG_WARN_ENUM_CONVERSION = YES;
				CLANG_WARN_INFINITE_RECURSION = YES;
				CLANG_WARN_INT_CONVERSION = YES;
				CLANG_WARN_NON_LITERAL_NULL_CONVERSION = YES;
				CLANG_WARN_OBJC_IMPLICIT_RETAIN_SELF = YES;
				CLANG_WARN_OBJC_LITERAL_CONVERSION = YES;
				CLANG_WARN_OBJC_ROOT_CLASS = YES_ERROR;
				CLANG_WARN_QUOTED_INCLUDE_IN_FRAMEWORK_HEADER = YES;
				CLANG_WARN_RANGE_LOOP_ANALYSIS = YES;
				CLANG_WARN_STRICT_PROTOTYPES = YES;
				CLANG_WARN_SUSPICIOUS_MOVE = YES;
				CLANG_WARN_UNGUARDED_AVAILABILITY = YES_AGGRESSIVE;
				CLANG_WARN_UNREACHABLE_CODE = YES;
				CLANG_WARN__DUPLICATE_METHOD_MATCH = YES;
				COPY_PHASE_STRIP = NO;
				DEBUG_INFORMATION_FORMAT = "dwarf-with-dsym";
				DEVELOPMENT_TEAM = R47LKKYLZ9;
				ENABLE_NS_ASSERTIONS = NO;
				ENABLE_STRICT_OBJC_MSGSEND = YES;
				ENABLE_USER_SCRIPT_SANDBOXING = YES;
				GCC_C_LANGUAGE_STANDARD = gnu17;
				GCC_NO_COMMON_BLOCKS = YES;
				GCC_WARN_64_TO_32_BIT_CONVERSION = YES;
				GCC_WARN_ABOUT_RETURN_TYPE = YES_ERROR;
				GCC_WARN_UNDECLARED_SELECTOR = YES;
				GCC_WARN_UNINITIALIZED_AUTOS = YES_AGGRESSIVE;
				GCC_WARN_UNUSED_FUNCTION = YES;
				GCC_WARN_UNUSED_VARIABLE = YES;
				IPHONEOS_DEPLOYMENT_TARGET = 26.0;
				LOCALIZATION_PREFERS_STRING_CATALOGS = YES;
				MTL_ENABLE_DEBUG_INFO = NO;
				MTL_FAST_MATH = YES;
				SDKROOT = iphoneos;
				SWIFT_COMPILATION_MODE = wholemodule;
				VALIDATE_PRODUCT = YES;
			};
			name = Release;
		};
		B3CF33542E85FA590075CED4 /* Debug */ = {
			isa = XCBuildConfiguration;
			buildSettings = {
				ASSETCATALOG_COMPILER_APPICON_NAME = AppIcon;
				ASSETCATALOG_COMPILER_GLOBAL_ACCENT_COLOR_NAME = AccentColor;
				CODE_SIGN_STYLE = Automatic;
				CURRENT_PROJECT_VERSION = 1;
				DEVELOPMENT_TEAM = R47LKKYLZ9;
				ENABLE_PREVIEWS = YES;
				GENERATE_INFOPLIST_FILE = YES;
				INFOPLIST_FILE = MosquitOFF/Info.plist;
				INFOPLIST_KEY_CFBundleDisplayName = MosquitoRisk;
				INFOPLIST_KEY_LSApplicationCategoryType = "public.app-category.weather";
				INFOPLIST_KEY_NSLocationWhenInUseUsageDescription = "Usamos tu ubicación para evaluar el riesgo de mosquitos en tu zona.";
				INFOPLIST_KEY_UIApplicationSupportsIndirectInputEvents = YES;
				INFOPLIST_KEY_UISupportedInterfaceOrientations = UIInterfaceOrientationPortrait;
				INFOPLIST_KEY_UISupportedInterfaceOrientations_iPad = "UIInterfaceOrientationLandscapeLeft UIInterfaceOrientationLandscapeRight UIInterfaceOrientationPortrait UIInterfaceOrientationPortraitUpsideDown";
				IPHONEOS_DEPLOYMENT_TARGET = 17.6;
				LD_RUNPATH_SEARCH_PATHS = (
					"$(inherited)",
					"@executable_path/Frameworks",
				);
				MARKETING_VERSION = 1.1.2;
				PRODUCT_BUNDLE_IDENTIFIER = com.astorluduena.MosquitOFF;
				PRODUCT_NAME = "$(TARGET_NAME)";
				STRING_CATALOG_GENERATE_SYMBOLS = YES;
				SUPPORTED_PLATFORMS = "iphoneos iphonesimulator";
				SUPPORTS_MACCATALYST = NO;
				SUPPORTS_MAC_DESIGNED_FOR_IPHONE_IPAD = NO;
				SUPPORTS_XR_DESIGNED_FOR_IPHONE_IPAD = NO;
				SWIFT_APPROACHABLE_CONCURRENCY = YES;
				SWIFT_DEFAULT_ACTOR_ISOLATION = MainActor;
				SWIFT_EMIT_LOC_STRINGS = YES;
				SWIFT_UPCOMING_FEATURE_MEMBER_IMPORT_VISIBILITY = YES;
				SWIFT_VERSION = 5.0;
				TARGETED_DEVICE_FAMILY = "1,2";
			};
			name = Debug;
		};
		B3CF33552E85FA590075CED4 /* Release */ = {
			isa = XCBuildConfiguration;
			buildSettings = {
				ASSETCATALOG_COMPILER_APPICON_NAME = AppIcon;
				ASSETCATALOG_COMPILER_GLOBAL_ACCENT_COLOR_NAME = AccentColor;
				CODE_SIGN_STYLE = Automatic;
				CURRENT_PROJECT_VERSION = 1;
				DEVELOPMENT_TEAM = R47LKKYLZ9;
				ENABLE_PREVIEWS = YES;
				GENERATE_INFOPLIST_FILE = YES;
				INFOPLIST_FILE = MosquitOFF/Info.plist;
				INFOPLIST_KEY_CFBundleDisplayName = MosquitoRisk;
				INFOPLIST_KEY_LSApplicationCategoryType = "public.app-category.weather";
				INFOPLIST_KEY_NSLocationWhenInUseUsageDescription = "Usamos tu ubicación para evaluar el riesgo de mosquitos en tu zona.";
				INFOPLIST_KEY_UIApplicationSupportsIndirectInputEvents = YES;
				INFOPLIST_KEY_UISupportedInterfaceOrientations = UIInterfaceOrientationPortrait;
				INFOPLIST_KEY_UISupportedInterfaceOrientations_iPad = "UIInterfaceOrientationLandscapeLeft UIInterfaceOrientationLandscapeRight UIInterfaceOrientationPortrait UIInterfaceOrientationPortraitUpsideDown";
				IPHONEOS_DEPLOYMENT_TARGET = 17.6;
				LD_RUNPATH_SEARCH_PATHS = (
					"$(inherited)",
					"@executable_path/Frameworks",
				);
				MARKETING_VERSION = 1.1.2;
				PRODUCT_BUNDLE_IDENTIFIER = com.astorluduena.MosquitOFF;
				PRODUCT_NAME = "$(TARGET_NAME)";
				STRING_CATALOG_GENERATE_SYMBOLS = YES;
				SUPPORTED_PLATFORMS = "iphoneos iphonesimulator";
				SUPPORTS_MACCATALYST = NO;
				SUPPORTS_MAC_DESIGNED_FOR_IPHONE_IPAD = NO;
				SUPPORTS_XR_DESIGNED_FOR_IPHONE_IPAD = NO;
				SWIFT_APPROACHABLE_CONCURRENCY = YES;
				SWIFT_DEFAULT_ACTOR_ISOLATION = MainActor;
				SWIFT_EMIT_LOC_STRINGS = YES;
				SWIFT_UPCOMING_FEATURE_MEMBER_IMPORT_VISIBILITY = YES;
				SWIFT_VERSION = 5.0;
				TARGETED_DEVICE_FAMILY = "1,2";
			};
			name = Release;
		};
		B3CF33572E85FA590075CED4 /* Debug */ = {
			isa = XCBuildConfiguration;
			buildSettings = {
				BUNDLE_LOADER = "$(TEST_HOST)";
				CODE_SIGN_STYLE = Automatic;
				CURRENT_PROJECT_VERSION = 1;
				DEVELOPMENT_TEAM = R47LKKYLZ9;
				GENERATE_INFOPLIST_FILE = YES;
				IPHONEOS_DEPLOYMENT_TARGET = 26.0;
				MARKETING_VERSION = 1.0;
				PRODUCT_BUNDLE_IDENTIFIER = "com.astorluduena.MosquitOFF-NEWTests";
				PRODUCT_NAME = "$(TARGET_NAME)";
				STRING_CATALOG_GENERATE_SYMBOLS = NO;
				SWIFT_APPROACHABLE_CONCURRENCY = YES;
				SWIFT_EMIT_LOC_STRINGS = NO;
				SWIFT_UPCOMING_FEATURE_MEMBER_IMPORT_VISIBILITY = YES;
				SWIFT_VERSION = 5.0;
				TARGETED_DEVICE_FAMILY = "1,2";
				TEST_HOST = "$(BUILT_PRODUCTS_DIR)/MosquitOFF.app/$(BUNDLE_EXECUTABLE_FOLDER_PATH)/MosquitOFF";
			};
			name = Debug;
		};
		B3CF33582E85FA590075CED4 /* Release */ = {
			isa = XCBuildConfiguration;
			buildSettings = {
				BUNDLE_LOADER = "$(TEST_HOST)";
				CODE_SIGN_STYLE = Automatic;
				CURRENT_PROJECT_VERSION = 1;
				DEVELOPMENT_TEAM = R47LKKYLZ9;
				GENERATE_INFOPLIST_FILE = YES;
				IPHONEOS_DEPLOYMENT_TARGET = 26.0;
				MARKETING_VERSION = 1.0;
				PRODUCT_BUNDLE_IDENTIFIER = "com.astorluduena.MosquitOFF-NEWTests";
				PRODUCT_NAME = "$(TARGET_NAME)";
				STRING_CATALOG_GENERATE_SYMBOLS = NO;
				SWIFT_APPROACHABLE_CONCURRENCY = YES;
				SWIFT_EMIT_LOC_STRINGS = NO;
				SWIFT_UPCOMING_FEATURE_MEMBER_IMPORT_VISIBILITY = YES;
				SWIFT_VERSION = 5.0;
				TARGETED_DEVICE_FAMILY = "1,2";
				TEST_HOST = "$(BUILT_PRODUCTS_DIR)/MosquitOFF.app/$(BUNDLE_EXECUTABLE_FOLDER_PATH)/MosquitOFF";
			};
			name = Release;
		};
		B3CF335A2E85FA590075CED4 /* Debug */ = {
			isa = XCBuildConfiguration;
			buildSettings = {
				CODE_SIGN_STYLE = Automatic;
				CURRENT_PROJECT_VERSION = 1;
				DEVELOPMENT_TEAM = R47LKKYLZ9;
				GENERATE_INFOPLIST_FILE = YES;
				MARKETING_VERSION = 1.0;
				PRODUCT_BUNDLE_IDENTIFIER = "com.astorluduena.MosquitOFF-NEWUITests";
				PRODUCT_NAME = "$(TARGET_NAME)";
				STRING_CATALOG_GENERATE_SYMBOLS = NO;
				SWIFT_APPROACHABLE_CONCURRENCY = YES;
				SWIFT_EMIT_LOC_STRINGS = NO;
				SWIFT_UPCOMING_FEATURE_MEMBER_IMPORT_VISIBILITY = YES;
				SWIFT_VERSION = 5.0;
				TARGETED_DEVICE_FAMILY = "1,2";
				TEST_TARGET_NAME = MosquitOFF_NEW;
			};
			name = Debug;
		};
		B3CF335B2E85FA590075CED4 /* Release */ = {
			isa = XCBuildConfiguration;
			buildSettings = {
				CODE_SIGN_STYLE = Automatic;
				CURRENT_PROJECT_VERSION = 1;
				DEVELOPMENT_TEAM = R47LKKYLZ9;
				GENERATE_INFOPLIST_FILE = YES;
				MARKETING_VERSION = 1.0;
				PRODUCT_BUNDLE_IDENTIFIER = "com.astorluduena.MosquitOFF-NEWUITests";
				PRODUCT_NAME = "$(TARGET_NAME)";
				STRING_CATALOG_GENERATE_SYMBOLS = NO;
				SWIFT_APPROACHABLE_CONCURRENCY = YES;
				SWIFT_EMIT_LOC_STRINGS = NO;
				SWIFT_UPCOMING_FEATURE_MEMBER_IMPORT_VISIBILITY = YES;
				SWIFT_VERSION = 5.0;
				TARGETED_DEVICE_FAMILY = "1,2";
				TEST_TARGET_NAME = MosquitOFF_NEW;
			};
			name = Release;
		};
/* End XCBuildConfiguration section */

/* Begin XCConfigurationList section */
		B3CF332D2E85FA590075CED4 /* Build configuration list for PBXProject "MosquitOFF" */ = {
			isa = XCConfigurationList;
			buildConfigurations = (
				B3CF33512E85FA590075CED4 /* Debug */,
				B3CF33522E85FA590075CED4 /* Release */,
			);
			defaultConfigurationIsVisible = 0;
			defaultConfigurationName = Release;
		};
		B3CF33532E85FA590075CED4 /* Build configuration list for PBXNativeTarget "MosquitOFF" */ = {
			isa = XCConfigurationList;
			buildConfigurations = (
				B3CF33542E85FA590075CED4 /* Debug */,
				B3CF33552E85FA590075CED4 /* Release */,
			);
			defaultConfigurationIsVisible = 0;
			defaultConfigurationName = Release;
		};
		B3CF33562E85FA590075CED4 /* Build configuration list for PBXNativeTarget "MosquitOFFTests" */ = {
			isa = XCConfigurationList;
			buildConfigurations = (
				B3CF33572E85FA590075CED4 /* Debug */,
				B3CF33582E85FA590075CED4 /* Release */,
			);
			defaultConfigurationIsVisible = 0;
			defaultConfigurationName = Release;
		};
		B3CF33592E85FA590075CED4 /* Build configuration list for PBXNativeTarget "MosquitOFFUITests" */ = {
			isa = XCConfigurationList;
			buildConfigurations = (
				B3CF335A2E85FA590075CED4 /* Debug */,
				B3CF335B2E85FA590075CED4 /* Release */,
			);
			defaultConfigurationIsVisible = 0;
			defaultConfigurationName = Release;
		};
/* End XCConfigurationList section */

/* Begin XCRemoteSwiftPackageReference section */
		B359975E2E85FE54009BACE3 /* XCRemoteSwiftPackageReference "lottie-spm" */ = {
			isa = XCRemoteSwiftPackageReference;
			repositoryURL = "https://github.com/airbnb/lottie-spm";
			requirement = {
				kind = upToNextMajorVersion;
				minimumVersion = 4.5.2;
			};
		};
/* End XCRemoteSwiftPackageReference section */

/* Begin XCSwiftPackageProductDependency section */
		B359975F2E85FE54009BACE3 /* Lottie */ = {
			isa = XCSwiftPackageProductDependency;
			package = B359975E2E85FE54009BACE3 /* XCRemoteSwiftPackageReference "lottie-spm" */;
			productName = Lottie;
		};
/* End XCSwiftPackageProductDependency section */
	};
	rootObject = B3CF332A2E85FA590075CED4 /* Project object */;
}
